
Microsoft Visual Studio Solution File, Format Version 12.00
# Visual Studio Version 16
VisualStudioVersion = 16.0.30204.135
MinimumVisualStudioVersion = 10.0.40219.1
Project("{FAE04EC0-301F-11D3-BF4B-00C04F79EFBC}") = "Phonebook", "Phonebook\Phonebook.csproj", "{B4048E66-D336-452D-8B4A-545162F3CE17}"
EndProject
Global
	GlobalSection(SolutionConfigurationPlatforms) = preSolution
		Debug|Any CPU = Debug|Any CPU
		Release|Any CPU = Release|Any CPU
	EndGlobalSection
	GlobalSection(ProjectConfigurationPlatforms) = postSolution
		{B4048E66-D336-452D-8B4A-545162F3CE17}.Debug|Any CPU.ActiveCfg = Debug|Any CPU
		{B4048E66-D336-452D-8B4A-545162F3CE17}.Debug|Any CPU.Build.0 = Debug|Any CPU
		{B4048E66-D336-452D-8B4A-545162F3CE17}.Release|Any CPU.ActiveCfg = Release|Any CPU
		{B4048E66-D336-452D-8B4A-545162F3CE17}.Release|Any CPU.Build.0 = Release|Any CPU
	EndGlobalSection
	GlobalSection(SolutionProperties) = preSolution
		HideSolutionNode = FALSE
	EndGlobalSection
	GlobalSection(ExtensibilityGlobals) = postSolution
		SolutionGuid = {D9471632-E055-4F84-A16C-EAC39E5C786D}
	EndGlobalSection
EndGlobal
